
Microsoft Visual Studio Solution File, Format Version 12.00
# Visual Studio 14
VisualStudioVersion = 14.0.24720.0
MinimumVisualStudioVersion = 10.0.40219.1
Project("{F184B08F-C81C-45F6-A57F-5ABD9991F28F}") = "QLNV_1_Cap_nhat_Nhan_vien", "QLNV_1_Cap_nhat_Nhan_vien\QLNV_1_Cap_nhat_Nhan_vien.vbproj", "{8E758B32-C769-4D47-9CFD-AD88080DAAEB}"
EndProject
Project("{F184B08F-C81C-45F6-A57F-5ABD9991F28F}") = "QLNV_1_Tra_cuu_Nhan_vien_Theo_Muc_luong", "QLNV_1_Tra_cuu_Nhan_vien_Theo_Muc_luong\QLNV_1_Tra_cuu_Nhan_vien_Theo_Muc_luong.vbproj", "{097DFB8F-AFC7-4CA7-9F90-1C15600E44B2}"
EndProject
Project("{F184B08F-C81C-45F6-A57F-5ABD9991F28F}") = "QLNV_1_Nhap_lieu_Don_vi", "QLNV_1_Nhap_lieu_Don_vi\QLNV_1_Nhap_lieu_Don_vi.vbproj", "{69294504-0D79-4942-8252-ED9E21417633}"
EndProject
Global
	GlobalSection(SolutionConfigurationPlatforms) = preSolution
		Debug|Any CPU = Debug|Any CPU
		Release|Any CPU = Release|Any CPU
	EndGlobalSection
	GlobalSection(ProjectConfigurationPlatforms) = postSolution
		{8E758B32-C769-4D47-9CFD-AD88080DAAEB}.Debug|Any CPU.ActiveCfg = Debug|Any CPU
		{8E758B32-C769-4D47-9CFD-AD88080DAAEB}.Debug|Any CPU.Build.0 = Debug|Any CPU
		{8E758B32-C769-4D47-9CFD-AD88080DAAEB}.Release|Any CPU.ActiveCfg = Release|Any CPU
		{8E758B32-C769-4D47-9CFD-AD88080DAAEB}.Release|Any CPU.Build.0 = Release|Any CPU
		{097DFB8F-AFC7-4CA7-9F90-1C15600E44B2}.Debug|Any CPU.ActiveCfg = Debug|Any CPU
		{097DFB8F-AFC7-4CA7-9F90-1C15600E44B2}.Debug|Any CPU.Build.0 = Debug|Any CPU
		{097DFB8F-AFC7-4CA7-9F90-1C15600E44B2}.Release|Any CPU.ActiveCfg = Release|Any CPU
		{097DFB8F-AFC7-4CA7-9F90-1C15600E44B2}.Release|Any CPU.Build.0 = Release|Any CPU
		{69294504-0D79-4942-8252-ED9E21417633}.Debug|Any CPU.ActiveCfg = Debug|Any CPU
		{69294504-0D79-4942-8252-ED9E21417633}.Debug|Any CPU.Build.0 = Debug|Any CPU
		{69294504-0D79-4942-8252-ED9E21417633}.Release|Any CPU.ActiveCfg = Release|Any CPU
		{69294504-0D79-4942-8252-ED9E21417633}.Release|Any CPU.Build.0 = Release|Any CPU
	EndGlobalSection
	GlobalSection(SolutionProperties) = preSolution
		HideSolutionNode = FALSE
	EndGlobalSection
EndGlobal
